
Microsoft Visual Studio Solution File, Format Version 12.00
# Visual Studio 2012
Project("{FAE04EC0-301F-11D3-BF4B-00C04F79EFBC}") = "CSN.Common", "CSN.Common\CSN.Common.csproj", "{94FD560B-079E-4BA2-9ED3-CE1A7EBDA663}"
EndProject
Project("{FAE04EC0-301F-11D3-BF4B-00C04F79EFBC}") = "CSN.DAL", "CSN.DAL\CSN.DAL.csproj", "{876403BF-6C50-425E-ADF6-73A2A2CC9373}"
EndProject
Project("{FAE04EC0-301F-11D3-BF4B-00C04F79EFBC}") = "CSN.Business", "CSN.Business\CSN.Business.csproj", "{C50ADE67-4F14-40F4-BED1-1F2834D4BF1D}"
EndProject
Project("{FAE04EC0-301F-11D3-BF4B-00C04F79EFBC}") = "CSN.ViewModel", "CSN.ViewModel\CSN.ViewModel.csproj", "{3B84B79F-9138-4007-BB4A-16329FD7FD3A}"
EndProject
Project("{FAE04EC0-301F-11D3-BF4B-00C04F79EFBC}") = "CSN.Web", "CSN.Web\CSN.Web.csproj", "{88E60593-5D24-4666-B6F2-7EAF269CD357}"
EndProject
Global
	GlobalSection(SolutionConfigurationPlatforms) = preSolution
		Debug|Any CPU = Debug|Any CPU
		Release|Any CPU = Release|Any CPU
	EndGlobalSection
	GlobalSection(ProjectConfigurationPlatforms) = postSolution
		{94FD560B-079E-4BA2-9ED3-CE1A7EBDA663}.Debug|Any CPU.ActiveCfg = Debug|Any CPU
		{94FD560B-079E-4BA2-9ED3-CE1A7EBDA663}.Debug|Any CPU.Build.0 = Debug|Any CPU
		{94FD560B-079E-4BA2-9ED3-CE1A7EBDA663}.Release|Any CPU.ActiveCfg = Release|Any CPU
		{94FD560B-079E-4BA2-9ED3-CE1A7EBDA663}.Release|Any CPU.Build.0 = Release|Any CPU
		{876403BF-6C50-425E-ADF6-73A2A2CC9373}.Debug|Any CPU.ActiveCfg = Debug|Any CPU
		{876403BF-6C50-425E-ADF6-73A2A2CC9373}.Debug|Any CPU.Build.0 = Debug|Any CPU
		{876403BF-6C50-425E-ADF6-73A2A2CC9373}.Release|Any CPU.ActiveCfg = Release|Any CPU
		{876403BF-6C50-425E-ADF6-73A2A2CC9373}.Release|Any CPU.Build.0 = Release|Any CPU
		{C50ADE67-4F14-40F4-BED1-1F2834D4BF1D}.Debug|Any CPU.ActiveCfg = Debug|Any CPU
		{C50ADE67-4F14-40F4-BED1-1F2834D4BF1D}.Debug|Any CPU.Build.0 = Debug|Any CPU
		{C50ADE67-4F14-40F4-BED1-1F2834D4BF1D}.Release|Any CPU.ActiveCfg = Release|Any CPU
		{C50ADE67-4F14-40F4-BED1-1F2834D4BF1D}.Release|Any CPU.Build.0 = Release|Any CPU
		{3B84B79F-9138-4007-BB4A-16329FD7FD3A}.Debug|Any CPU.ActiveCfg = Debug|Any CPU
		{3B84B79F-9138-4007-BB4A-16329FD7FD3A}.Debug|Any CPU.Build.0 = Debug|Any CPU
		{3B84B79F-9138-4007-BB4A-16329FD7FD3A}.Release|Any CPU.ActiveCfg = Release|Any CPU
		{3B84B79F-9138-4007-BB4A-16329FD7FD3A}.Release|Any CPU.Build.0 = Release|Any CPU
		{88E60593-5D24-4666-B6F2-7EAF269CD357}.Debug|Any CPU.ActiveCfg = Debug|Any CPU
		{88E60593-5D24-4666-B6F2-7EAF269CD357}.Debug|Any CPU.Build.0 = Debug|Any CPU
		{88E60593-5D24-4666-B6F2-7EAF269CD357}.Release|Any CPU.ActiveCfg = Release|Any CPU
		{88E60593-5D24-4666-B6F2-7EAF269CD357}.Release|Any CPU.Build.0 = Release|Any CPU
	EndGlobalSection
	GlobalSection(SolutionProperties) = preSolution
		HideSolutionNode = FALSE
	EndGlobalSection
EndGlobal
